
Microsoft Visual Studio Solution File, Format Version 12.00
Project("{FAE04EC0-301F-11D3-BF4B-00C04F79EFBC}") = "TestAppNet5", "TestAppNet5\TestAppNet5.csproj", "{6B02389F-091A-4010-BA7E-0451DA26602E}"
EndProject
Global
	GlobalSection(SolutionConfigurationPlatforms) = preSolution
		Debug|Any CPU = Debug|Any CPU
		Release|Any CPU = Release|Any CPU
	EndGlobalSection
	GlobalSection(ProjectConfigurationPlatforms) = postSolution
		{6B02389F-091A-4010-BA7E-0451DA26602E}.Debug|Any CPU.ActiveCfg = Debug|Any CPU
		{6B02389F-091A-4010-BA7E-0451DA26602E}.Debug|Any CPU.Build.0 = Debug|Any CPU
		{6B02389F-091A-4010-BA7E-0451DA26602E}.Release|Any CPU.ActiveCfg = Release|Any CPU
		{6B02389F-091A-4010-BA7E-0451DA26602E}.Release|Any CPU.Build.0 = Release|Any CPU
	EndGlobalSection
EndGlobal
